
Microsoft Visual Studio Solution File, Format Version 12.00
# Visual Studio 15
VisualStudioVersion = 15.0.27428.2015
MinimumVisualStudioVersion = 10.0.40219.1
Project("{FAE04EC0-301F-11D3-BF4B-00C04F79EFBC}") = "socket_client", "socket_client\socket_client.csproj", "{CC5676F2-47B8-4535-A429-3C4CB68471AF}"
EndProject
Global
	GlobalSection(SolutionConfigurationPlatforms) = preSolution
		Debug|Any CPU = Debug|Any CPU
		Release|Any CPU = Release|Any CPU
	EndGlobalSection
	GlobalSection(ProjectConfigurationPlatforms) = postSolution
		{CC5676F2-47B8-4535-A429-3C4CB68471AF}.Debug|Any CPU.ActiveCfg = Debug|Any CPU
		{CC5676F2-47B8-4535-A429-3C4CB68471AF}.Debug|Any CPU.Build.0 = Debug|Any CPU
		{CC5676F2-47B8-4535-A429-3C4CB68471AF}.Release|Any CPU.ActiveCfg = Release|Any CPU
		{CC5676F2-47B8-4535-A429-3C4CB68471AF}.Release|Any CPU.Build.0 = Release|Any CPU
	EndGlobalSection
	GlobalSection(SolutionProperties) = preSolution
		HideSolutionNode = FALSE
	EndGlobalSection
	GlobalSection(ExtensibilityGlobals) = postSolution
		SolutionGuid = {F5C85200-1B4A-4C93-8A67-6B0B003BA1DB}
	EndGlobalSection
EndGlobal
